// !$*UTF8*$!
{
	archiveVersion = 1;
	classes = {
	};
	objectVersion = 46;
	objects = {

/* Begin PBXBuildFile section */
		1BE36E946AB1485695993726 /* libPods.a in Frameworks */ = {isa = PBXBuildFile; fileRef = 539F26D7D2F84D8CA22C3E7C /* libPods.a */; };
		4A2CE9DA9B324962B0F19178 /* libPods-ShoparamaTests.a in Frameworks */ = {isa = PBXBuildFile; fileRef = EE0D7C5640424153B915546D /* libPods-ShoparamaTests.a */; };
		BE09B07C18EA3A9700459A18 /* Foundation.framework in Frameworks */ = {isa = PBXBuildFile; fileRef = BE09B07B18EA3A9700459A18 /* Foundation.framework */; };
		BE09B07E18EA3A9700459A18 /* CoreGraphics.framework in Frameworks */ = {isa = PBXBuildFile; fileRef = BE09B07D18EA3A9700459A18 /* CoreGraphics.framework */; };
		BE09B08018EA3A9700459A18 /* UIKit.framework in Frameworks */ = {isa = PBXBuildFile; fileRef = BE09B07F18EA3A9700459A18 /* UIKit.framework */; };
		BE09B08618EA3A9700459A18 /* InfoPlist.strings in Resources */ = {isa = PBXBuildFile; fileRef = BE09B08418EA3A9700459A18 /* InfoPlist.strings */; };
		BE09B08818EA3A9700459A18 /* main.m in Sources */ = {isa = PBXBuildFile; fileRef = BE09B08718EA3A9700459A18 /* main.m */; };
		BE09B08C18EA3A9700459A18 /* AppDelegate.m in Sources */ = {isa = PBXBuildFile; fileRef = BE09B08B18EA3A9700459A18 /* AppDelegate.m */; };
		BE09B08F18EA3A9700459A18 /* Main.storyboard in Resources */ = {isa = PBXBuildFile; fileRef = BE09B08D18EA3A9700459A18 /* Main.storyboard */; };
		BE09B09218EA3A9700459A18 /* MasterViewController.m in Sources */ = {isa = PBXBuildFile; fileRef = BE09B09118EA3A9700459A18 /* MasterViewController.m */; };
		BE09B09518EA3A9700459A18 /* DetailViewController.m in Sources */ = {isa = PBXBuildFile; fileRef = BE09B09418EA3A9700459A18 /* DetailViewController.m */; };
		BE09B09718EA3A9700459A18 /* Images.xcassets in Resources */ = {isa = PBXBuildFile; fileRef = BE09B09618EA3A9700459A18 /* Images.xcassets */; };
		BE09B09E18EA3A9700459A18 /* XCTest.framework in Frameworks */ = {isa = PBXBuildFile; fileRef = BE09B09D18EA3A9700459A18 /* XCTest.framework */; };
		BE09B09F18EA3A9700459A18 /* Foundation.framework in Frameworks */ = {isa = PBXBuildFile; fileRef = BE09B07B18EA3A9700459A18 /* Foundation.framework */; };
		BE09B0A018EA3A9700459A18 /* UIKit.framework in Frameworks */ = {isa = PBXBuildFile; fileRef = BE09B07F18EA3A9700459A18 /* UIKit.framework */; };
		BE09B0A818EA3A9700459A18 /* InfoPlist.strings in Resources */ = {isa = PBXBuildFile; fileRef = BE09B0A618EA3A9700459A18 /* InfoPlist.strings */; };
		BE2C9E0B18ECABC10037EE64 /* MainAssembly.m in Sources */ = {isa = PBXBuildFile; fileRef = BE2C9E0A18ECABC10037EE64 /* MainAssembly.m */; };
		BE2C9E0C18ECABC10037EE64 /* MainAssembly.m in Sources */ = {isa = PBXBuildFile; fileRef = BE2C9E0A18ECABC10037EE64 /* MainAssembly.m */; };
		BE2C9E1418ECD2C60037EE64 /* ProductServiceUnitSpec.m in Sources */ = {isa = PBXBuildFile; fileRef = BE2C9E1318ECD2C60037EE64 /* ProductServiceUnitSpec.m */; };
		BEF79C0218EA486A001CD47A /* ProductServiceSpec.m in Sources */ = {isa = PBXBuildFile; fileRef = BEF79C0118EA486A001CD47A /* ProductServiceSpec.m */; };
		BEF79C0518EA4BFC001CD47A /* ProductService.m in Sources */ = {isa = PBXBuildFile; fileRef = BEF79C0418EA4BFC001CD47A /* ProductService.m */; };
/* End PBXBuildFile section */

/* Begin PBXContainerItemProxy section */
		BE09B0A118EA3A9700459A18 /* PBXContainerItemProxy */ = {
			isa = PBXContainerItemProxy;
			containerPortal = BE09B07018EA3A9700459A18 /* Project object */;
			proxyType = 1;
			remoteGlobalIDString = BE09B07718EA3A9700459A18;
			remoteInfo = Shoparama;
		};
/* End PBXContainerItemProxy section */

/* Begin PBXFileReference section */
		2FC014FF406948448F368AB3 /* Pods.xcconfig */ = {isa = PBXFileReference; includeInIndex = 1; lastKnownFileType = text.xcconfig; name = Pods.xcconfig; path = Pods/Pods.xcconfig; sourceTree = "<group>"; };
		36DF9EDEF243492DA1EF2491 /* Pods-ShoparamaTests.xcconfig */ = {isa = PBXFileReference; includeInIndex = 1; lastKnownFileType = text.xcconfig; name = "Pods-ShoparamaTests.xcconfig"; path = "Pods/Pods-ShoparamaTests.xcconfig"; sourceTree = "<group>"; };
		539F26D7D2F84D8CA22C3E7C /* libPods.a */ = {isa = PBXFileReference; explicitFileType = archive.ar; includeInIndex = 0; path = libPods.a; sourceTree = BUILT_PRODUCTS_DIR; };
		BE09B07818EA3A9700459A18 /* Shoparama.app */ = {isa = PBXFileReference; explicitFileType = wrapper.application; includeInIndex = 0; path = Shoparama.app; sourceTree = BUILT_PRODUCTS_DIR; };
		BE09B07B18EA3A9700459A18 /* Foundation.framework */ = {isa = PBXFileReference; lastKnownFileType = wrapper.framework; name = Foundation.framework; path = System/Library/Frameworks/Foundation.framework; sourceTree = SDKROOT; };
		BE09B07D18EA3A9700459A18 /* CoreGraphics.framework */ = {isa = PBXFileReference; lastKnownFileType = wrapper.framework; name = CoreGraphics.framework; path = System/Library/Frameworks/CoreGraphics.framework; sourceTree = SDKROOT; };
		BE09B07F18EA3A9700459A18 /* UIKit.framework */ = {isa = PBXFileReference; lastKnownFileType = wrapper.framework; name = UIKit.framework; path = System/Library/Frameworks/UIKit.framework; sourceTree = SDKROOT; };
		BE09B08318EA3A9700459A18 /* Shoparama-Info.plist */ = {isa = PBXFileReference; lastKnownFileType = text.plist.xml; path = "Shoparama-Info.plist"; sourceTree = "<group>"; };
		BE09B08518EA3A9700459A18 /* en */ = {isa = PBXFileReference; lastKnownFileType = text.plist.strings; name = en; path = en.lproj/InfoPlist.strings; sourceTree = "<group>"; };
		BE09B08718EA3A9700459A18 /* main.m */ = {isa = PBXFileReference; lastKnownFileType = sourcecode.c.objc; path = main.m; sourceTree = "<group>"; };
		BE09B08918EA3A9700459A18 /* Shoparama-Prefix.pch */ = {isa = PBXFileReference; lastKnownFileType = sourcecode.c.h; path = "Shoparama-Prefix.pch"; sourceTree = "<group>"; };
		BE09B08A18EA3A9700459A18 /* AppDelegate.h */ = {isa = PBXFileReference; lastKnownFileType = sourcecode.c.h; path = AppDelegate.h; sourceTree = "<group>"; };
		BE09B08B18EA3A9700459A18 /* AppDelegate.m */ = {isa = PBXFileReference; lastKnownFileType = sourcecode.c.objc; path = AppDelegate.m; sourceTree = "<group>"; };
		BE09B08E18EA3A9700459A18 /* Base */ = {isa = PBXFileReference; lastKnownFileType = file.storyboard; name = Base; path = Base.lproj/Main.storyboard; sourceTree = "<group>"; };
		BE09B09018EA3A9700459A18 /* MasterViewController.h */ = {isa = PBXFileReference; lastKnownFileType = sourcecode.c.h; path = MasterViewController.h; sourceTree = "<group>"; };
		BE09B09118EA3A9700459A18 /* MasterViewController.m */ = {isa = PBXFileReference; lastKnownFileType = sourcecode.c.objc; path = MasterViewController.m; sourceTree = "<group>"; };
		BE09B09318EA3A9700459A18 /* DetailViewController.h */ = {isa = PBXFileReference; lastKnownFileType = sourcecode.c.h; path = DetailViewController.h; sourceTree = "<group>"; };
		BE09B09418EA3A9700459A18 /* DetailViewController.m */ = {isa = PBXFileReference; lastKnownFileType = sourcecode.c.objc; path = DetailViewController.m; sourceTree = "<group>"; };
		BE09B09618EA3A9700459A18 /* Images.xcassets */ = {isa = PBXFileReference; lastKnownFileType = folder.assetcatalog; path = Images.xcassets; sourceTree = "<group>"; };
		BE09B09C18EA3A9700459A18 /* ShoparamaTests.xctest */ = {isa = PBXFileReference; explicitFileType = wrapper.cfbundle; includeInIndex = 0; path = ShoparamaTests.xctest; sourceTree = BUILT_PRODUCTS_DIR; };
		BE09B09D18EA3A9700459A18 /* XCTest.framework */ = {isa = PBXFileReference; lastKnownFileType = wrapper.framework; name = XCTest.framework; path = Library/Frameworks/XCTest.framework; sourceTree = DEVELOPER_DIR; };
		BE09B0A518EA3A9700459A18 /* ShoparamaTests-Info.plist */ = {isa = PBXFileReference; lastKnownFileType = text.plist.xml; path = "ShoparamaTests-Info.plist"; sourceTree = "<group>"; };
		BE09B0A718EA3A9700459A18 /* en */ = {isa = PBXFileReference; lastKnownFileType = text.plist.strings; name = en; path = en.lproj/InfoPlist.strings; sourceTree = "<group>"; };
		BE2C9E0918ECABC10037EE64 /* MainAssembly.h */ = {isa = PBXFileReference; fileEncoding = 4; lastKnownFileType = sourcecode.c.h; name = MainAssembly.h; path = Assembly/MainAssembly.h; sourceTree = "<group>"; };
		BE2C9E0A18ECABC10037EE64 /* MainAssembly.m */ = {isa = PBXFileReference; fileEncoding = 4; lastKnownFileType = sourcecode.c.objc; name = MainAssembly.m; path = Assembly/MainAssembly.m; sourceTree = "<group>"; };
		BE2C9E1318ECD2C60037EE64 /* ProductServiceUnitSpec.m */ = {isa = PBXFileReference; fileEncoding = 4; lastKnownFileType = sourcecode.c.objc; name = ProductServiceUnitSpec.m; path = UnitTests/ProductServiceUnitSpec.m; sourceTree = "<group>"; };
		BEF79C0118EA486A001CD47A /* ProductServiceSpec.m */ = {isa = PBXFileReference; fileEncoding = 4; lastKnownFileType = sourcecode.c.objc; path = ProductServiceSpec.m; sourceTree = "<group>"; };
		BEF79C0318EA4BFC001CD47A /* ProductService.h */ = {isa = PBXFileReference; fileEncoding = 4; lastKnownFileType = sourcecode.c.h; name = ProductService.h; path = Services/ProductService.h; sourceTree = "<group>"; };
		BEF79C0418EA4BFC001CD47A /* ProductService.m */ = {isa = PBXFileReference; fileEncoding = 4; lastKnownFileType = sourcecode.c.objc; name = ProductService.m; path = Services/ProductService.m; sourceTree = "<group>"; };
		BEF79C0918EA56E6001CD47A /* Constants.h */ = {isa = PBXFileReference; fileEncoding = 4; lastKnownFileType = sourcecode.c.h; path = Constants.h; sourceTree = "<group>"; };
		EE0D7C5640424153B915546D /* libPods-ShoparamaTests.a */ = {isa = PBXFileReference; explicitFileType = archive.ar; includeInIndex = 0; path = "libPods-ShoparamaTests.a"; sourceTree = BUILT_PRODUCTS_DIR; };
/* End PBXFileReference section */

/* Begin PBXFrameworksBuildPhase section */
		BE09B07518EA3A9700459A18 /* Frameworks */ = {
			isa = PBXFrameworksBuildPhase;
			buildActionMask = 2147483647;
			files = (
				BE09B07E18EA3A9700459A18 /* CoreGraphics.framework in Frameworks */,
				BE09B08018EA3A9700459A18 /* UIKit.framework in Frameworks */,
				BE09B07C18EA3A9700459A18 /* Foundation.framework in Frameworks */,
				1BE36E946AB1485695993726 /* libPods.a in Frameworks */,
			);
			runOnlyForDeploymentPostprocessing = 0;
		};
		BE09B09918EA3A9700459A18 /* Frameworks */ = {
			isa = PBXFrameworksBuildPhase;
			buildActionMask = 2147483647;
			files = (
				BE09B09E18EA3A9700459A18 /* XCTest.framework in Frameworks */,
				BE09B0A018EA3A9700459A18 /* UIKit.framework in Frameworks */,
				BE09B09F18EA3A9700459A18 /* Foundation.framework in Frameworks */,
				4A2CE9DA9B324962B0F19178 /* libPods-ShoparamaTests.a in Frameworks */,
			);
			runOnlyForDeploymentPostprocessing = 0;
		};
/* End PBXFrameworksBuildPhase section */

/* Begin PBXGroup section */
		BE09B06F18EA3A9700459A18 = {
			isa = PBXGroup;
			children = (
				BEF79C0918EA56E6001CD47A /* Constants.h */,
				BE09B08118EA3A9700459A18 /* Shoparama */,
				BE09B0A318EA3A9700459A18 /* ShoparamaTests */,
				BE09B07A18EA3A9700459A18 /* Frameworks */,
				BE09B07918EA3A9700459A18 /* Products */,
				2FC014FF406948448F368AB3 /* Pods.xcconfig */,
				36DF9EDEF243492DA1EF2491 /* Pods-ShoparamaTests.xcconfig */,
			);
			sourceTree = "<group>";
		};
		BE09B07918EA3A9700459A18 /* Products */ = {
			isa = PBXGroup;
			children = (
				BE09B07818EA3A9700459A18 /* Shoparama.app */,
				BE09B09C18EA3A9700459A18 /* ShoparamaTests.xctest */,
			);
			name = Products;
			sourceTree = "<group>";
		};
		BE09B07A18EA3A9700459A18 /* Frameworks */ = {
			isa = PBXGroup;
			children = (
				BE09B07B18EA3A9700459A18 /* Foundation.framework */,
				BE09B07D18EA3A9700459A18 /* CoreGraphics.framework */,
				BE09B07F18EA3A9700459A18 /* UIKit.framework */,
				BE09B09D18EA3A9700459A18 /* XCTest.framework */,
				539F26D7D2F84D8CA22C3E7C /* libPods.a */,
				EE0D7C5640424153B915546D /* libPods-ShoparamaTests.a */,
			);
			name = Frameworks;
			sourceTree = "<group>";
		};
		BE09B08118EA3A9700459A18 /* Shoparama */ = {
			isa = PBXGroup;
			children = (
				BE2C9E0818ECAB8C0037EE64 /* Assembly */,
				BEF79C0618EA4C03001CD47A /* Services */,
				BE09B08A18EA3A9700459A18 /* AppDelegate.h */,
				BE09B08B18EA3A9700459A18 /* AppDelegate.m */,
				BE09B08D18EA3A9700459A18 /* Main.storyboard */,
				BE09B09018EA3A9700459A18 /* MasterViewController.h */,
				BE09B09118EA3A9700459A18 /* MasterViewController.m */,
				BE09B09318EA3A9700459A18 /* DetailViewController.h */,
				BE09B09418EA3A9700459A18 /* DetailViewController.m */,
				BE09B09618EA3A9700459A18 /* Images.xcassets */,
				BE09B08218EA3A9700459A18 /* Supporting Files */,
			);
			path = Shoparama;
			sourceTree = "<group>";
		};
		BE09B08218EA3A9700459A18 /* Supporting Files */ = {
			isa = PBXGroup;
			children = (
				BE09B08318EA3A9700459A18 /* Shoparama-Info.plist */,
				BE09B08418EA3A9700459A18 /* InfoPlist.strings */,
				BE09B08718EA3A9700459A18 /* main.m */,
				BE09B08918EA3A9700459A18 /* Shoparama-Prefix.pch */,
			);
			name = "Supporting Files";
			sourceTree = "<group>";
		};
		BE09B0A318EA3A9700459A18 /* ShoparamaTests */ = {
			isa = PBXGroup;
			children = (
				BE2C9E1118ECD25C0037EE64 /* UnitTests */,
				BE2C9E1018ECCE560037EE64 /* IntegrationTests */,
				BE09B0A418EA3A9700459A18 /* Supporting Files */,
			);
			path = ShoparamaTests;
			sourceTree = "<group>";
		};
		BE09B0A418EA3A9700459A18 /* Supporting Files */ = {
			isa = PBXGroup;
			children = (
				BE09B0A518EA3A9700459A18 /* ShoparamaTests-Info.plist */,
				BE09B0A618EA3A9700459A18 /* InfoPlist.strings */,
			);
			name = "Supporting Files";
			sourceTree = "<group>";
		};
		BE2C9E0818ECAB8C0037EE64 /* Assembly */ = {
			isa = PBXGroup;
			children = (
				BE2C9E0918ECABC10037EE64 /* MainAssembly.h */,
				BE2C9E0A18ECABC10037EE64 /* MainAssembly.m */,
			);
			name = Assembly;
			sourceTree = "<group>";
		};
		BE2C9E1018ECCE560037EE64 /* IntegrationTests */ = {
			isa = PBXGroup;
			children = (
				BEF79C0718EA4C0F001CD47A /* Services */,
			);
			name = IntegrationTests;
			sourceTree = "<group>";
		};
		BE2C9E1118ECD25C0037EE64 /* UnitTests */ = {
			isa = PBXGroup;
			children = (
				BE2C9E1218ECD26A0037EE64 /* Services */,
			);
			name = UnitTests;
			sourceTree = "<group>";
		};
		BE2C9E1218ECD26A0037EE64 /* Services */ = {
			isa = PBXGroup;
			children = (
				BE2C9E1318ECD2C60037EE64 /* ProductServiceUnitSpec.m */,
			);
			name = Services;
			sourceTree = "<group>";
		};
		BEF79C0618EA4C03001CD47A /* Services */ = {
			isa = PBXGroup;
			children = (
				BEF79C0318EA4BFC001CD47A /* ProductService.h */,
				BEF79C0418EA4BFC001CD47A /* ProductService.m */,
			);
			name = Services;
			sourceTree = "<group>";
		};
		BEF79C0718EA4C0F001CD47A /* Services */ = {
			isa = PBXGroup;
			children = (
				BEF79C0118EA486A001CD47A /* ProductServiceSpec.m */,
			);
			name = Services;
			sourceTree = "<group>";
		};
/* End PBXGroup section */

/* Begin PBXNativeTarget section */
		BE09B07718EA3A9700459A18 /* Shoparama */ = {
			isa = PBXNativeTarget;
			buildConfigurationList = BE09B0AD18EA3A9800459A18 /* Build configuration list for PBXNativeTarget "Shoparama" */;
			buildPhases = (
				4BC1D9EA07454AFBA8F81955 /* Check Pods Manifest.lock */,
				BE09B07418EA3A9700459A18 /* Sources */,
				BE09B07518EA3A9700459A18 /* Frameworks */,
				BE09B07618EA3A9700459A18 /* Resources */,
				4C95BA6410F54768A6A6C226 /* Copy Pods Resources */,
			);
			buildRules = (
			);
			dependencies = (
			);
			name = Shoparama;
			productName = Shoparama;
			productReference = BE09B07818EA3A9700459A18 /* Shoparama.app */;
			productType = "com.apple.product-type.application";
		};
		BE09B09B18EA3A9700459A18 /* ShoparamaTests */ = {
			isa = PBXNativeTarget;
			buildConfigurationList = BE09B0B018EA3A9800459A18 /* Build configuration list for PBXNativeTarget "ShoparamaTests" */;
			buildPhases = (
				34D9A1C1E1204E4984537B83 /* Check Pods Manifest.lock */,
				BE09B09818EA3A9700459A18 /* Sources */,
				BE09B09918EA3A9700459A18 /* Frameworks */,
				BE09B09A18EA3A9700459A18 /* Resources */,
				3AA3CE065B2D41EABFFEB2E4 /* Copy Pods Resources */,
			);
			buildRules = (
			);
			dependencies = (
				BE09B0A218EA3A9700459A18 /* PBXTargetDependency */,
			);
			name = ShoparamaTests;
			productName = ShoparamaTests;
			productReference = BE09B09C18EA3A9700459A18 /* ShoparamaTests.xctest */;
			productType = "com.apple.product-type.bundle.unit-test";
		};
/* End PBXNativeTarget section */

/* Begin PBXProject section */
		BE09B07018EA3A9700459A18 /* Project object */ = {
			isa = PBXProject;
			attributes = {
				LastUpgradeCheck = 0510;
				ORGANIZATIONNAME = "Daniel Valencia Co.";
				TargetAttributes = {
					BE09B09B18EA3A9700459A18 = {
						TestTargetID = BE09B07718EA3A9700459A18;
					};
				};
			};
			buildConfigurationList = BE09B07318EA3A9700459A18 /* Build configuration list for PBXProject "Shoparama" */;
			compatibilityVersion = "Xcode 3.2";
			developmentRegion = English;
			hasScannedForEncodings = 0;
			knownRegions = (
				en,
				Base,
			);
			mainGroup = BE09B06F18EA3A9700459A18;
			productRefGroup = BE09B07918EA3A9700459A18 /* Products */;
			projectDirPath = "";
			projectRoot = "";
			targets = (
				BE09B07718EA3A9700459A18 /* Shoparama */,
				BE09B09B18EA3A9700459A18 /* ShoparamaTests */,
			);
		};
/* End PBXProject section */

/* Begin PBXResourcesBuildPhase section */
		BE09B07618EA3A9700459A18 /* Resources */ = {
			isa = PBXResourcesBuildPhase;
			buildActionMask = 2147483647;
			files = (
				BE09B09718EA3A9700459A18 /* Images.xcassets in Resources */,
				BE09B08618EA3A9700459A18 /* InfoPlist.strings in Resources */,
				BE09B08F18EA3A9700459A18 /* Main.storyboard in Resources */,
			);
			runOnlyForDeploymentPostprocessing = 0;
		};
		BE09B09A18EA3A9700459A18 /* Resources */ = {
			isa = PBXResourcesBuildPhase;
			buildActionMask = 2147483647;
			files = (
				BE09B0A818EA3A9700459A18 /* InfoPlist.strings in Resources */,
			);
			runOnlyForDeploymentPostprocessing = 0;
		};
/* End PBXResourcesBuildPhase section */

/* Begin PBXShellScriptBuildPhase section */
		34D9A1C1E1204E4984537B83 /* Check Pods Manifest.lock */ = {
			isa = PBXShellScriptBuildPhase;
			buildActionMask = 2147483647;
			files = (
			);
			inputPaths = (
			);
			name = "Check Pods Manifest.lock";
			outputPaths = (
			);
			runOnlyForDeploymentPostprocessing = 0;
			shellPath = /bin/sh;
			shellScript = "diff \"${PODS_ROOT}/../Podfile.lock\" \"${PODS_ROOT}/Manifest.lock\" > /dev/null\nif [[ $? != 0 ]] ; then\n    cat << EOM\nerror: The sandbox is not in sync with the Podfile.lock. Run 'pod install' or update your CocoaPods installation.\nEOM\n    exit 1\nfi\n";
			showEnvVarsInLog = 0;
		};
		3AA3CE065B2D41EABFFEB2E4 /* Copy Pods Resources */ = {
			isa = PBXShellScriptBuildPhase;
			buildActionMask = 2147483647;
			files = (
			);
			inputPaths = (
			);
			name = "Copy Pods Resources";
			outputPaths = (
			);
			runOnlyForDeploymentPostprocessing = 0;
			shellPath = /bin/sh;
			shellScript = "\"${SRCROOT}/Pods/Pods-ShoparamaTests-resources.sh\"\n";
			showEnvVarsInLog = 0;
		};
		4BC1D9EA07454AFBA8F81955 /* Check Pods Manifest.lock */ = {
			isa = PBXShellScriptBuildPhase;
			buildActionMask = 2147483647;
			files = (
			);
			inputPaths = (
			);
			name = "Check Pods Manifest.lock";
			outputPaths = (
			);
			runOnlyForDeploymentPostprocessing = 0;
			shellPath = /bin/sh;
			shellScript = "diff \"${PODS_ROOT}/../Podfile.lock\" \"${PODS_ROOT}/Manifest.lock\" > /dev/null\nif [[ $? != 0 ]] ; then\n    cat << EOM\nerror: The sandbox is not in sync with the Podfile.lock. Run 'pod install' or update your CocoaPods installation.\nEOM\n    exit 1\nfi\n";
			showEnvVarsInLog = 0;
		};
		4C95BA6410F54768A6A6C226 /* Copy Pods Resources */ = {
			isa = PBXShellScriptBuildPhase;
			buildActionMask = 2147483647;
			files = (
			);
			inputPaths = (
			);
			name = "Copy Pods Resources";
			outputPaths = (
			);
			runOnlyForDeploymentPostprocessing = 0;
			shellPath = /bin/sh;
			shellScript = "\"${SRCROOT}/Pods/Pods-resources.sh\"\n";
			showEnvVarsInLog = 0;
		};
/* End PBXShellScriptBuildPhase section */

/* Begin PBXSourcesBuildPhase section */
		BE09B07418EA3A9700459A18 /* Sources */ = {
			isa = PBXSourcesBuildPhase;
			buildActionMask = 2147483647;
			files = (
				BE2C9E0B18ECABC10037EE64 /* MainAssembly.m in Sources */,
				BE09B08C18EA3A9700459A18 /* AppDelegate.m in Sources */,
				BEF79C0518EA4BFC001CD47A /* ProductService.m in Sources */,
				BE09B09218EA3A9700459A18 /* MasterViewController.m in Sources */,
				BE09B08818EA3A9700459A18 /* main.m in Sources */,
				BE09B09518EA3A9700459A18 /* DetailViewController.m in Sources */,
			);
			runOnlyForDeploymentPostprocessing = 0;
		};
		BE09B09818EA3A9700459A18 /* Sources */ = {
			isa = PBXSourcesBuildPhase;
			buildActionMask = 2147483647;
			files = (
				BE2C9E0C18ECABC10037EE64 /* MainAssembly.m in Sources */,
				BE2C9E1418ECD2C60037EE64 /* ProductServiceUnitSpec.m in Sources */,
				BEF79C0218EA486A001CD47A /* ProductServiceSpec.m in Sources */,
			);
			runOnlyForDeploymentPostprocessing = 0;
		};
/* End PBXSourcesBuildPhase section */

/* Begin PBXTargetDependency section */
		BE09B0A218EA3A9700459A18 /* PBXTargetDependency */ = {
			isa = PBXTargetDependency;
			target = BE09B07718EA3A9700459A18 /* Shoparama */;
			targetProxy = BE09B0A118EA3A9700459A18 /* PBXContainerItemProxy */;
		};
/* End PBXTargetDependency section */

/* Begin PBXVariantGroup section */
		BE09B08418EA3A9700459A18 /* InfoPlist.strings */ = {
			isa = PBXVariantGroup;
			children = (
				BE09B08518EA3A9700459A18 /* en */,
			);
			name = InfoPlist.strings;
			sourceTree = "<group>";
		};
		BE09B08D18EA3A9700459A18 /* Main.storyboard */ = {
			isa = PBXVariantGroup;
			children = (
				BE09B08E18EA3A9700459A18 /* Base */,
			);
			name = Main.storyboard;
			sourceTree = "<group>";
		};
		BE09B0A618EA3A9700459A18 /* InfoPlist.strings */ = {
			isa = PBXVariantGroup;
			children = (
				BE09B0A718EA3A9700459A18 /* en */,
			);
			name = InfoPlist.strings;
			sourceTree = "<group>";
		};
/* End PBXVariantGroup section */

/* Begin XCBuildConfiguration section */
		BE09B0AB18EA3A9700459A18 /* Debug */ = {
			isa = XCBuildConfiguration;
			buildSettings = {
				ALWAYS_SEARCH_USER_PATHS = NO;
				CLANG_CXX_LANGUAGE_STANDARD = "gnu++0x";
				CLANG_CXX_LIBRARY = "libc++";
				CLANG_ENABLE_MODULES = YES;
				CLANG_ENABLE_OBJC_ARC = YES;
				CLANG_WARN_BOOL_CONVERSION = YES;
				CLANG_WARN_CONSTANT_CONVERSION = YES;
				CLANG_WARN_DIRECT_OBJC_ISA_USAGE = YES_ERROR;
				CLANG_WARN_EMPTY_BODY = YES;
				CLANG_WARN_ENUM_CONVERSION = YES;
				CLANG_WARN_INT_CONVERSION = YES;
				CLANG_WARN_OBJC_ROOT_CLASS = YES_ERROR;
				CLANG_WARN__DUPLICATE_METHOD_MATCH = YES;
				"CODE_SIGN_IDENTITY[sdk=iphoneos*]" = "iPhone Developer";
				COPY_PHASE_STRIP = NO;
				GCC_C_LANGUAGE_STANDARD = gnu99;
				GCC_DYNAMIC_NO_PIC = NO;
				GCC_OPTIMIZATION_LEVEL = 0;
				GCC_PREPROCESSOR_DEFINITIONS = (
					"DEBUG=1",
					"$(inherited)",
				);
				GCC_SYMBOLS_PRIVATE_EXTERN = NO;
				GCC_WARN_64_TO_32_BIT_CONVERSION = YES;
				GCC_WARN_ABOUT_RETURN_TYPE = YES_ERROR;
				GCC_WARN_UNDECLARED_SELECTOR = YES;
				GCC_WARN_UNINITIALIZED_AUTOS = YES_AGGRESSIVE;
				GCC_WARN_UNUSED_FUNCTION = YES;
				GCC_WARN_UNUSED_VARIABLE = YES;
				IPHONEOS_DEPLOYMENT_TARGET = 7.1;
				ONLY_ACTIVE_ARCH = YES;
				SDKROOT = iphoneos;
				TARGETED_DEVICE_FAMILY = 2;
			};
			name = Debug;
		};
		BE09B0AC18EA3A9700459A18 /* Release */ = {
			isa = XCBuildConfiguration;
			buildSettings = {
				ALWAYS_SEARCH_USER_PATHS = NO;
				CLANG_CXX_LANGUAGE_STANDARD = "gnu++0x";
				CLANG_CXX_LIBRARY = "libc++";
				CLANG_ENABLE_MODULES = YES;
				CLANG_ENABLE_OBJC_ARC = YES;
				CLANG_WARN_BOOL_CONVERSION = YES;
				CLANG_WARN_CONSTANT_CONVERSION = YES;
				CLANG_WARN_DIRECT_OBJC_ISA_USAGE = YES_ERROR;
				CLANG_WARN_EMPTY_BODY = YES;
				CLANG_WARN_ENUM_CONVERSION = YES;
				CLANG_WARN_INT_CONVERSION = YES;
				CLANG_WARN_OBJC_ROOT_CLASS = YES_ERROR;
				CLANG_WARN__DUPLICATE_METHOD_MATCH = YES;
				"CODE_SIGN_IDENTITY[sdk=iphoneos*]" = "iPhone Developer";
				COPY_PHASE_STRIP = YES;
				ENABLE_NS_ASSERTIONS = NO;
				GCC_C_LANGUAGE_STANDARD = gnu99;
				GCC_WARN_64_TO_32_BIT_CONVERSION = YES;
				GCC_WARN_ABOUT_RETURN_TYPE = YES_ERROR;
				GCC_WARN_UNDECLARED_SELECTOR = YES;
				GCC_WARN_UNINITIALIZED_AUTOS = YES_AGGRESSIVE;
				GCC_WARN_UNUSED_FUNCTION = YES;
				GCC_WARN_UNUSED_VARIABLE = YES;
				IPHONEOS_DEPLOYMENT_TARGET = 7.1;
				SDKROOT = iphoneos;
				TARGETED_DEVICE_FAMILY = 2;
				VALIDATE_PRODUCT = YES;
			};
			name = Release;
		};
		BE09B0AE18EA3A9800459A18 /* Debug */ = {
			isa = XCBuildConfiguration;
			baseConfigurationReference = 2FC014FF406948448F368AB3 /* Pods.xcconfig */;
			buildSettings = {
				ASSETCATALOG_COMPILER_APPICON_NAME = AppIcon;
				ASSETCATALOG_COMPILER_LAUNCHIMAGE_NAME = LaunchImage;
				GCC_PRECOMPILE_PREFIX_HEADER = YES;
				GCC_PREFIX_HEADER = "Shoparama/Shoparama-Prefix.pch";
				INFOPLIST_FILE = "Shoparama/Shoparama-Info.plist";
				PRODUCT_NAME = "$(TARGET_NAME)";
				PRODUCT_SERVICE_HOST = api.semantics3.com;
				PRODUCT_SERVICE_KEY = SEM3D7C18E2516367EEA22684BC5BF9CFECF;
				PRODUCT_SERVICE_SCHEME = https;
				PRODUCT_SERVICE_SECRET = ODgxZTY3ODhlYTM5MjU1MWI4YjA0MTdjYmI4NzZhZGQ;
				WRAPPER_EXTENSION = app;
			};
			name = Debug;
		};
		BE09B0AF18EA3A9800459A18 /* Release */ = {
			isa = XCBuildConfiguration;
			baseConfigurationReference = 2FC014FF406948448F368AB3 /* Pods.xcconfig */;
			buildSettings = {
				ASSETCATALOG_COMPILER_APPICON_NAME = AppIcon;
				ASSETCATALOG_COMPILER_LAUNCHIMAGE_NAME = LaunchImage;
				GCC_PRECOMPILE_PREFIX_HEADER = YES;
				GCC_PREFIX_HEADER = "Shoparama/Shoparama-Prefix.pch";
				INFOPLIST_FILE = "Shoparama/Shoparama-Info.plist";
				PRODUCT_NAME = "$(TARGET_NAME)";
				PRODUCT_SERVICE_HOST = api.semantics3.com;
				PRODUCT_SERVICE_KEY = SEM3D7C18E2516367EEA22684BC5BF9CFECF;
				PRODUCT_SERVICE_SCHEME = https;
				PRODUCT_SERVICE_SECRET = ODgxZTY3ODhlYTM5MjU1MWI4YjA0MTdjYmI4NzZhZGQ;
				WRAPPER_EXTENSION = app;
			};
			name = Release;
		};
		BE09B0B118EA3A9800459A18 /* Debug */ = {
			isa = XCBuildConfiguration;
			baseConfigurationReference = 36DF9EDEF243492DA1EF2491 /* Pods-ShoparamaTests.xcconfig */;
			buildSettings = {
				BUNDLE_LOADER = "$(BUILT_PRODUCTS_DIR)/Shoparama.app/Shoparama";
				FRAMEWORK_SEARCH_PATHS = (
					"$(SDKROOT)/Developer/Library/Frameworks",
					"$(inherited)",
					"$(DEVELOPER_FRAMEWORKS_DIR)",
				);
				GCC_PRECOMPILE_PREFIX_HEADER = YES;
				GCC_PREFIX_HEADER = "Shoparama/Shoparama-Prefix.pch";
				GCC_PREPROCESSOR_DEFINITIONS = (
					"DEBUG=1",
					"$(inherited)",
				);
				INFOPLIST_FILE = "ShoparamaTests/ShoparamaTests-Info.plist";
				PRODUCT_NAME = "$(TARGET_NAME)";
				TEST_HOST = "$(BUNDLE_LOADER)";
				WRAPPER_EXTENSION = xctest;
			};
			name = Debug;
		};
		BE09B0B218EA3A9800459A18 /* Release */ = {
			isa = XCBuildConfiguration;
			baseConfigurationReference = 36DF9EDEF243492DA1EF2491 /* Pods-ShoparamaTests.xcconfig */;
			buildSettings = {
				BUNDLE_LOADER = "$(BUILT_PRODUCTS_DIR)/Shoparama.app/Shoparama";
				FRAMEWORK_SEARCH_PATHS = (
					"$(SDKROOT)/Developer/Library/Frameworks",
					"$(inherited)",
					"$(DEVELOPER_FRAMEWORKS_DIR)",
				);
				GCC_PRECOMPILE_PREFIX_HEADER = YES;
				GCC_PREFIX_HEADER = "Shoparama/Shoparama-Prefix.pch";
				INFOPLIST_FILE = "ShoparamaTests/ShoparamaTests-Info.plist";
				PRODUCT_NAME = "$(TARGET_NAME)";
				TEST_HOST = "$(BUNDLE_LOADER)";
				WRAPPER_EXTENSION = xctest;
			};
			name = Release;
		};
/* End XCBuildConfiguration section */

/* Begin XCConfigurationList section */
		BE09B07318EA3A9700459A18 /* Build configuration list for PBXProject "Shoparama" */ = {
			isa = XCConfigurationList;
			buildConfigurations = (
				BE09B0AB18EA3A9700459A18 /* Debug */,
				BE09B0AC18EA3A9700459A18 /* Release */,
			);
			defaultConfigurationIsVisible = 0;
			defaultConfigurationName = Release;
		};
		BE09B0AD18EA3A9800459A18 /* Build configuration list for PBXNativeTarget "Shoparama" */ = {
			isa = XCConfigurationList;
			buildConfigurations = (
				BE09B0AE18EA3A9800459A18 /* Debug */,
				BE09B0AF18EA3A9800459A18 /* Release */,
			);
			defaultConfigurationIsVisible = 0;
			defaultConfigurationName = Release;
		};
		BE09B0B018EA3A9800459A18 /* Build configuration list for PBXNativeTarget "ShoparamaTests" */ = {
			isa = XCConfigurationList;
			buildConfigurations = (
				BE09B0B118EA3A9800459A18 /* Debug */,
				BE09B0B218EA3A9800459A18 /* Release */,
			);
			defaultConfigurationIsVisible = 0;
			defaultConfigurationName = Release;
		};
/* End XCConfigurationList section */
	};
	rootObject = BE09B07018EA3A9700459A18 /* Project object */;
}
